
Microsoft Visual Studio Solution File, Format Version 12.00
# Visual Studio Version 17
VisualStudioVersion = 17.3.32922.545
MinimumVisualStudioVersion = 10.0.40219.1
Project("{2150E333-8FDC-42A3-9474-1A3956D46DE8}") = "ChainOfResponsibilityDesignPatern", "ChainOfResponsibilityDesignPatern", "{09D0187C-9FA9-45AE-9FE9-2BB3B3556A5E}"
EndProject
Project("{9A19103F-16F7-4668-BE54-9A1E7A4F7556}") = "DesignPattern.ChainOfResponsibility", "ChainOfResponsibilityDesignPatern\DesignPattern.ChainOfResponsibility\DesignPattern.ChainOfResponsibility.csproj", "{CBF7D785-E876-41FB-8502-A5D2568DB0FD}"
EndProject
Project("{2150E333-8FDC-42A3-9474-1A3956D46DE8}") = "CQRSDesignPatern", "CQRSDesignPatern", "{9BAA6E99-34E5-4074-8C6A-3A0F534624F3}"
EndProject
Project("{9A19103F-16F7-4668-BE54-9A1E7A4F7556}") = "DesignPattern.CQRS", "CQRSDesignPatern\DesignPattern.CQRS\DesignPattern.CQRS.csproj", "{9603B174-E77C-471C-9C16-4697FD7799F2}"
EndProject
Project("{2150E333-8FDC-42A3-9474-1A3956D46DE8}") = "MediatorDesignPattern", "MediatorDesignPattern", "{1BA95A50-0525-4837-8AFA-ED08826A54C9}"
EndProject
Project("{FAE04EC0-301F-11D3-BF4B-00C04F79EFBC}") = "DesignPattern.Meditor", "MediatorDesignPattern\DesignPattern.Meditor\DesignPattern.Meditor.csproj", "{220BF3E1-89DF-48DD-AA19-7849A3E242DC}"
EndProject
Global
	GlobalSection(SolutionConfigurationPlatforms) = preSolution
		Debug|Any CPU = Debug|Any CPU
		Release|Any CPU = Release|Any CPU
	EndGlobalSection
	GlobalSection(ProjectConfigurationPlatforms) = postSolution
		{CBF7D785-E876-41FB-8502-A5D2568DB0FD}.Debug|Any CPU.ActiveCfg = Debug|Any CPU
		{CBF7D785-E876-41FB-8502-A5D2568DB0FD}.Debug|Any CPU.Build.0 = Debug|Any CPU
		{CBF7D785-E876-41FB-8502-A5D2568DB0FD}.Release|Any CPU.ActiveCfg = Release|Any CPU
		{CBF7D785-E876-41FB-8502-A5D2568DB0FD}.Release|Any CPU.Build.0 = Release|Any CPU
		{9603B174-E77C-471C-9C16-4697FD7799F2}.Debug|Any CPU.ActiveCfg = Debug|Any CPU
		{9603B174-E77C-471C-9C16-4697FD7799F2}.Debug|Any CPU.Build.0 = Debug|Any CPU
		{9603B174-E77C-471C-9C16-4697FD7799F2}.Release|Any CPU.ActiveCfg = Release|Any CPU
		{9603B174-E77C-471C-9C16-4697FD7799F2}.Release|Any CPU.Build.0 = Release|Any CPU
		{220BF3E1-89DF-48DD-AA19-7849A3E242DC}.Debug|Any CPU.ActiveCfg = Debug|Any CPU
		{220BF3E1-89DF-48DD-AA19-7849A3E242DC}.Debug|Any CPU.Build.0 = Debug|Any CPU
		{220BF3E1-89DF-48DD-AA19-7849A3E242DC}.Release|Any CPU.ActiveCfg = Release|Any CPU
		{220BF3E1-89DF-48DD-AA19-7849A3E242DC}.Release|Any CPU.Build.0 = Release|Any CPU
	EndGlobalSection
	GlobalSection(SolutionProperties) = preSolution
		HideSolutionNode = FALSE
	EndGlobalSection
	GlobalSection(NestedProjects) = preSolution
		{CBF7D785-E876-41FB-8502-A5D2568DB0FD} = {09D0187C-9FA9-45AE-9FE9-2BB3B3556A5E}
		{9603B174-E77C-471C-9C16-4697FD7799F2} = {9BAA6E99-34E5-4074-8C6A-3A0F534624F3}
		{220BF3E1-89DF-48DD-AA19-7849A3E242DC} = {1BA95A50-0525-4837-8AFA-ED08826A54C9}
	EndGlobalSection
	GlobalSection(ExtensibilityGlobals) = postSolution
		SolutionGuid = {19553891-241D-4288-B4F4-7E9FDC09D41B}
	EndGlobalSection
EndGlobal
